{
    "version": 4,
    "terraform_version": "0.13.4",
    "serial": 6,
    "lineage": "e987ea99-8bcf-d12b-0444-5e81b78de1ff",
    "outputs": {
                 "awsWeb1": {
                   "sensitive": false,
                   "name": "lb_url",
                   "type": "string",
                   "value": "myawslb.kracht.io"
                   }
               },
    "resources": [
      {
        "mode": "managed",
        "type": "local_file",
        "name": "myLocalFile",
        "provider": "provider[\"registry.terraform.io/hashicorp/local\"]",
        "instances": [
          {
            "schema_version": 0,
            "attributes": {
              "content": "That's an optinal test.",
              "content_base64": null,
              "directory_permission": "0777",
              "file_permission": "0777",
              "filename": "/root/test/myLocalFile.txt",
              "id": "0319fd10ca4624c223d5e894cf061385064809b2",
              "sensitive_content": null,
              "source": null
            },
            "private": "bnVsbA=="
          }
        ]
      },
      {
        "mode": "managed",
        "type": "local_file",
        "name": "pet",
        "provider": "provider[\"registry.terraform.io/hashicorp/local\"]",
        "instances": [
          {
            "schema_version": 0,
            "attributes": {
              "content": "We love pets!",
              "content_base64": null,
              "directory_permission": "0777",
              "file_permission": "0700",
              "filename": "/root/test/pets.txt",
              "id": "cba595b7d9f94ba1107a46f3f731912d95fb3d2c",
              "sensitive_content": null,
              "source": null
            },
            "private": "bnVsbA=="
          }
        ]
      }
    ]
  }
  